
Microsoft Visual Studio Solution File, Format Version 12.00
# Visual Studio Version 17
VisualStudioVersion = 17.12.35506.116 d17.12
MinimumVisualStudioVersion = 10.0.40219.1
Project("{FAE04EC0-301F-11D3-BF4B-00C04F79EFBC}") = "JHSNNS_HSZF_2024251.Console", "JHSNNS_HSZF_2024251.Console\JHSNNS_HSZF_2024251.Console.csproj", "{E9E075AF-3A9B-48AD-9CBF-0C4B3428E547}"
EndProject
Project("{FAE04EC0-301F-11D3-BF4B-00C04F79EFBC}") = "JHSNNS_HSZF_2024251.Application", "JHSNNS_HSZF_2024251.Application\JHSNNS_HSZF_2024251.Application.csproj", "{36E5B09D-A095-448B-8B66-D105ACB4CEF0}"
EndProject
Project("{FAE04EC0-301F-11D3-BF4B-00C04F79EFBC}") = "JHSNNS_HSZF_2024251.Model", "JHSNNS_HSZF_2024251.Model\JHSNNS_HSZF_2024251.Model.csproj", "{FFFD9889-FF7C-4A85-AA2F-4103EA7AC3BC}"
EndProject
Project("{FAE04EC0-301F-11D3-BF4B-00C04F79EFBC}") = "JHSNNS_HSZF_2024251.Persistence.MsSql", "JHSNNS_HSZF_2024251.Persistence.MsSql\JHSNNS_HSZF_2024251.Persistence.MsSql.csproj", "{8E81DB41-EB82-4B3A-9A41-FAC9B987BE77}"
EndProject
Project("{FAE04EC0-301F-11D3-BF4B-00C04F79EFBC}") = "JHSNNS_HSZF_2024251.Test", "JHSNNS_HSZF_2024251.Test\JHSNNS_HSZF_2024251.Test.csproj", "{25266591-7BB6-4F4B-AF62-14502A14334B}"
EndProject
Project("{2150E333-8FDC-42A3-9474-1A3956D46DE8}") = "Application", "Application", "{A8B60B74-00C0-4588-9F23-C385555408D4}"
EndProject
Project("{2150E333-8FDC-42A3-9474-1A3956D46DE8}") = "Domain", "Domain", "{FCBEDF2D-9171-43E4-8D3E-A73D7920AEED}"
EndProject
Project("{2150E333-8FDC-42A3-9474-1A3956D46DE8}") = "Infrastructure", "Infrastructure", "{412EF3E1-4C60-4265-A487-318AC4658C46}"
EndProject
Project("{2150E333-8FDC-42A3-9474-1A3956D46DE8}") = "Presentation", "Presentation", "{2324A61B-DF1F-4710-9F3F-6870FE1F755C}"
EndProject
Project("{2150E333-8FDC-42A3-9474-1A3956D46DE8}") = "Tests", "Tests", "{CE6D1AA0-2A37-4E03-9711-C310D162D304}"
EndProject
Global
	GlobalSection(SolutionConfigurationPlatforms) = preSolution
		Debug|Any CPU = Debug|Any CPU
		Release|Any CPU = Release|Any CPU
	EndGlobalSection
	GlobalSection(ProjectConfigurationPlatforms) = postSolution
		{E9E075AF-3A9B-48AD-9CBF-0C4B3428E547}.Debug|Any CPU.ActiveCfg = Debug|Any CPU
		{E9E075AF-3A9B-48AD-9CBF-0C4B3428E547}.Debug|Any CPU.Build.0 = Debug|Any CPU
		{E9E075AF-3A9B-48AD-9CBF-0C4B3428E547}.Release|Any CPU.ActiveCfg = Release|Any CPU
		{E9E075AF-3A9B-48AD-9CBF-0C4B3428E547}.Release|Any CPU.Build.0 = Release|Any CPU
		{36E5B09D-A095-448B-8B66-D105ACB4CEF0}.Debug|Any CPU.ActiveCfg = Debug|Any CPU
		{36E5B09D-A095-448B-8B66-D105ACB4CEF0}.Debug|Any CPU.Build.0 = Debug|Any CPU
		{36E5B09D-A095-448B-8B66-D105ACB4CEF0}.Release|Any CPU.ActiveCfg = Release|Any CPU
		{36E5B09D-A095-448B-8B66-D105ACB4CEF0}.Release|Any CPU.Build.0 = Release|Any CPU
		{FFFD9889-FF7C-4A85-AA2F-4103EA7AC3BC}.Debug|Any CPU.ActiveCfg = Debug|Any CPU
		{FFFD9889-FF7C-4A85-AA2F-4103EA7AC3BC}.Debug|Any CPU.Build.0 = Debug|Any CPU
		{FFFD9889-FF7C-4A85-AA2F-4103EA7AC3BC}.Release|Any CPU.ActiveCfg = Release|Any CPU
		{FFFD9889-FF7C-4A85-AA2F-4103EA7AC3BC}.Release|Any CPU.Build.0 = Release|Any CPU
		{8E81DB41-EB82-4B3A-9A41-FAC9B987BE77}.Debug|Any CPU.ActiveCfg = Debug|Any CPU
		{8E81DB41-EB82-4B3A-9A41-FAC9B987BE77}.Debug|Any CPU.Build.0 = Debug|Any CPU
		{8E81DB41-EB82-4B3A-9A41-FAC9B987BE77}.Release|Any CPU.ActiveCfg = Release|Any CPU
		{8E81DB41-EB82-4B3A-9A41-FAC9B987BE77}.Release|Any CPU.Build.0 = Release|Any CPU
		{25266591-7BB6-4F4B-AF62-14502A14334B}.Debug|Any CPU.ActiveCfg = Debug|Any CPU
		{25266591-7BB6-4F4B-AF62-14502A14334B}.Debug|Any CPU.Build.0 = Debug|Any CPU
		{25266591-7BB6-4F4B-AF62-14502A14334B}.Release|Any CPU.ActiveCfg = Release|Any CPU
		{25266591-7BB6-4F4B-AF62-14502A14334B}.Release|Any CPU.Build.0 = Release|Any CPU
	EndGlobalSection
	GlobalSection(SolutionProperties) = preSolution
		HideSolutionNode = FALSE
	EndGlobalSection
	GlobalSection(NestedProjects) = preSolution
		{E9E075AF-3A9B-48AD-9CBF-0C4B3428E547} = {2324A61B-DF1F-4710-9F3F-6870FE1F755C}
		{36E5B09D-A095-448B-8B66-D105ACB4CEF0} = {A8B60B74-00C0-4588-9F23-C385555408D4}
		{FFFD9889-FF7C-4A85-AA2F-4103EA7AC3BC} = {FCBEDF2D-9171-43E4-8D3E-A73D7920AEED}
		{8E81DB41-EB82-4B3A-9A41-FAC9B987BE77} = {412EF3E1-4C60-4265-A487-318AC4658C46}
		{25266591-7BB6-4F4B-AF62-14502A14334B} = {CE6D1AA0-2A37-4E03-9711-C310D162D304}
	EndGlobalSection
EndGlobal
